
Microsoft Visual Studio Solution File, Format Version 12.00
# Visual Studio 15
VisualStudioVersion = 15.0.27130.2010
MinimumVisualStudioVersion = 10.0.40219.1
Project("{FAE04EC0-301F-11D3-BF4B-00C04F79EFBC}") = "Mundial2018", "Mundial2018\Mundial2018.csproj", "{C495C089-62B2-46AA-9FD5-3EE8B7075970}"
EndProject
Global
	GlobalSection(SolutionConfigurationPlatforms) = preSolution
		Debug|Any CPU = Debug|Any CPU
		Release|Any CPU = Release|Any CPU
	EndGlobalSection
	GlobalSection(ProjectConfigurationPlatforms) = postSolution
		{C495C089-62B2-46AA-9FD5-3EE8B7075970}.Debug|Any CPU.ActiveCfg = Debug|Any CPU
		{C495C089-62B2-46AA-9FD5-3EE8B7075970}.Debug|Any CPU.Build.0 = Debug|Any CPU
		{C495C089-62B2-46AA-9FD5-3EE8B7075970}.Release|Any CPU.ActiveCfg = Release|Any CPU
		{C495C089-62B2-46AA-9FD5-3EE8B7075970}.Release|Any CPU.Build.0 = Release|Any CPU
	EndGlobalSection
	GlobalSection(SolutionProperties) = preSolution
		HideSolutionNode = FALSE
	EndGlobalSection
	GlobalSection(ExtensibilityGlobals) = postSolution
		SolutionGuid = {D4097C0C-FD4D-421B-B468-E8FC628D3463}
	EndGlobalSection
EndGlobal
